// !$*UTF8*$!
{
	archiveVersion = 1;
	classes = {
	};
	objectVersion = 46;
	objects = {

/* Begin PBXBuildFile section */
		C11F2780216832EF000E3EB9 /* main.cpp in Sources */ = {isa = PBXBuildFile; fileRef = C11F277F216832EF000E3EB9 /* main.cpp */; };
/* End PBXBuildFile section */

/* Begin PBXCopyFilesBuildPhase section */
		C11F277A216832EF000E3EB9 /* CopyFiles */ = {
			isa = PBXCopyFilesBuildPhase;
			buildActionMask = 2147483647;
			dstPath = /usr/share/man/man1/;
			dstSubfolderSpec = 0;
			files = (
			);
			runOnlyForDeploymentPostprocessing = 1;
		};
/* End PBXCopyFilesBuildPhase section */

/* Begin PBXFileReference section */
		C11F277C216832EF000E3EB9 /* Homophonic Cipher */ = {isa = PBXFileReference; explicitFileType = "compiled.mach-o.executable"; includeInIndex = 0; path = "Homophonic Cipher"; sourceTree = BUILT_PRODUCTS_DIR; };
		C11F277F216832EF000E3EB9 /* main.cpp */ = {isa = PBXFileReference; lastKnownFileType = sourcecode.cpp.cpp; path = main.cpp; sourceTree = "<group>"; };
		C16091232168416400EF85E1 /* test1_candidate_5_plaintexts.txt */ = {isa = PBXFileReference; fileEncoding = 4; lastKnownFileType = text; path = test1_candidate_5_plaintexts.txt; sourceTree = "<group>"; };
/* End PBXFileReference section */

/* Begin PBXFrameworksBuildPhase section */
		C11F2779216832EF000E3EB9 /* Frameworks */ = {
			isa = PBXFrameworksBuildPhase;
			buildActionMask = 2147483647;
			files = (
			);
			runOnlyForDeploymentPostprocessing = 0;
		};
/* End PBXFrameworksBuildPhase section */

/* Begin PBXGroup section */
		C11F2773216832EF000E3EB9 = {
			isa = PBXGroup;
			children = (
				C11F277E216832EF000E3EB9 /* Homophonic Cipher */,
				C11F277D216832EF000E3EB9 /* Products */,
			);
			sourceTree = "<group>";
		};
		C11F277D216832EF000E3EB9 /* Products */ = {
			isa = PBXGroup;
			children = (
				C11F277C216832EF000E3EB9 /* Homophonic Cipher */,
			);
			name = Products;
			sourceTree = "<group>";
		};
		C11F277E216832EF000E3EB9 /* Homophonic Cipher */ = {
			isa = PBXGroup;
			children = (
				C11F277F216832EF000E3EB9 /* main.cpp */,
				C16091232168416400EF85E1 /* test1_candidate_5_plaintexts.txt */,
			);
			path = "Homophonic Cipher";
			sourceTree = "<group>";
		};
/* End PBXGroup section */

/* Begin PBXNativeTarget section */
		C11F277B216832EF000E3EB9 /* Homophonic Cipher */ = {
			isa = PBXNativeTarget;
			buildConfigurationList = C11F2783216832EF000E3EB9 /* Build configuration list for PBXNativeTarget "Homophonic Cipher" */;
			buildPhases = (
				C11F2778216832EF000E3EB9 /* Sources */,
				C11F2779216832EF000E3EB9 /* Frameworks */,
				C11F277A216832EF000E3EB9 /* CopyFiles */,
			);
			buildRules = (
			);
			dependencies = (
			);
			name = "Homophonic Cipher";
			productName = "Homophonic Cipher";
			productReference = C11F277C216832EF000E3EB9 /* Homophonic Cipher */;
			productType = "com.apple.product-type.tool";
		};
/* End PBXNativeTarget section */

/* Begin PBXProject section */
		C11F2774216832EF000E3EB9 /* Project object */ = {
			isa = PBXProject;
			attributes = {
				LastUpgradeCheck = 0720;
				ORGANIZATIONNAME = "Mandy Kong";
				TargetAttributes = {
					C11F277B216832EF000E3EB9 = {
						CreatedOnToolsVersion = 7.2.1;
					};
				};
			};
			buildConfigurationList = C11F2777216832EF000E3EB9 /* Build configuration list for PBXProject "Homophonic Cipher" */;
			compatibilityVersion = "Xcode 3.2";
			developmentRegion = English;
			hasScannedForEncodings = 0;
			knownRegions = (
				en,
			);
			mainGroup = C11F2773216832EF000E3EB9;
			productRefGroup = C11F277D216832EF000E3EB9 /* Products */;
			projectDirPath = "";
			projectRoot = "";
			targets = (
				C11F277B216832EF000E3EB9 /* Homophonic Cipher */,
			);
		};
/* End PBXProject section */

/* Begin PBXSourcesBuildPhase section */
		C11F2778216832EF000E3EB9 /* Sources */ = {
			isa = PBXSourcesBuildPhase;
			buildActionMask = 2147483647;
			files = (
				C11F2780216832EF000E3EB9 /* main.cpp in Sources */,
			);
			runOnlyForDeploymentPostprocessing = 0;
		};
/* End PBXSourcesBuildPhase section */

/* Begin XCBuildConfiguration section */
		C11F2781216832EF000E3EB9 /* Debug */ = {
			isa = XCBuildConfiguration;
			buildSettings = {
				ALWAYS_SEARCH_USER_PATHS = NO;
				CLANG_CXX_LANGUAGE_STANDARD = "gnu++0x";
				CLANG_CXX_LIBRARY = "libc++";
				CLANG_ENABLE_MODULES = YES;
				CLANG_ENABLE_OBJC_ARC = YES;
				CLANG_WARN_BOOL_CONVERSION = YES;
				CLANG_WARN_CONSTANT_CONVERSION = YES;
				CLANG_WARN_DIRECT_OBJC_ISA_USAGE = YES_ERROR;
				CLANG_WARN_EMPTY_BODY = YES;
				CLANG_WARN_ENUM_CONVERSION = YES;
				CLANG_WARN_INT_CONVERSION = YES;
				CLANG_WARN_OBJC_ROOT_CLASS = YES_ERROR;
				CLANG_WARN_UNREACHABLE_CODE = YES;
				CLANG_WARN__DUPLICATE_METHOD_MATCH = YES;
				CODE_SIGN_IDENTITY = "-";
				COPY_PHASE_STRIP = NO;
				DEBUG_INFORMATION_FORMAT = dwarf;
				ENABLE_STRICT_OBJC_MSGSEND = YES;
				ENABLE_TESTABILITY = YES;
				GCC_C_LANGUAGE_STANDARD = gnu99;
				GCC_DYNAMIC_NO_PIC = NO;
				GCC_NO_COMMON_BLOCKS = YES;
				GCC_OPTIMIZATION_LEVEL = 0;
				GCC_PREPROCESSOR_DEFINITIONS = (
					"DEBUG=1",
					"$(inherited)",
				);
				GCC_WARN_64_TO_32_BIT_CONVERSION = YES;
				GCC_WARN_ABOUT_RETURN_TYPE = YES_ERROR;
				GCC_WARN_UNDECLARED_SELECTOR = YES;
				GCC_WARN_UNINITIALIZED_AUTOS = YES_AGGRESSIVE;
				GCC_WARN_UNUSED_FUNCTION = YES;
				GCC_WARN_UNUSED_VARIABLE = YES;
				MACOSX_DEPLOYMENT_TARGET = 10.10;
				MTL_ENABLE_DEBUG_INFO = YES;
				ONLY_ACTIVE_ARCH = YES;
				SDKROOT = macosx;
			};
			name = Debug;
		};
		C11F2782216832EF000E3EB9 /* Release */ = {
			isa = XCBuildConfiguration;
			buildSettings = {
				ALWAYS_SEARCH_USER_PATHS = NO;
				CLANG_CXX_LANGUAGE_STANDARD = "gnu++0x";
				CLANG_CXX_LIBRARY = "libc++";
				CLANG_ENABLE_MODULES = YES;
				CLANG_ENABLE_OBJC_ARC = YES;
				CLANG_WARN_BOOL_CONVERSION = YES;
				CLANG_WARN_CONSTANT_CONVERSION = YES;
				CLANG_WARN_DIRECT_OBJC_ISA_USAGE = YES_ERROR;
				CLANG_WARN_EMPTY_BODY = YES;
				CLANG_WARN_ENUM_CONVERSION = YES;
				CLANG_WARN_INT_CONVERSION = YES;
				CLANG_WARN_OBJC_ROOT_CLASS = YES_ERROR;
				CLANG_WARN_UNREACHABLE_CODE = YES;
				CLANG_WARN__DUPLICATE_METHOD_MATCH = YES;
				CODE_SIGN_IDENTITY = "-";
				COPY_PHASE_STRIP = NO;
				DEBUG_INFORMATION_FORMAT = "dwarf-with-dsym";
				ENABLE_NS_ASSERTIONS = NO;
				ENABLE_STRICT_OBJC_MSGSEND = YES;
				GCC_C_LANGUAGE_STANDARD = gnu99;
				GCC_NO_COMMON_BLOCKS = YES;
				GCC_WARN_64_TO_32_BIT_CONVERSION = YES;
				GCC_WARN_ABOUT_RETURN_TYPE = YES_ERROR;
				GCC_WARN_UNDECLARED_SELECTOR = YES;
				GCC_WARN_UNINITIALIZED_AUTOS = YES_AGGRESSIVE;
				GCC_WARN_UNUSED_FUNCTION = YES;
				GCC_WARN_UNUSED_VARIABLE = YES;
				MACOSX_DEPLOYMENT_TARGET = 10.10;
				MTL_ENABLE_DEBUG_INFO = NO;
				SDKROOT = macosx;
			};
			name = Release;
		};
		C11F2784216832EF000E3EB9 /* Debug */ = {
			isa = XCBuildConfiguration;
			buildSettings = {
				PRODUCT_NAME = "$(TARGET_NAME)";
			};
			name = Debug;
		};
		C11F2785216832EF000E3EB9 /* Release */ = {
			isa = XCBuildConfiguration;
			buildSettings = {
				PRODUCT_NAME = "$(TARGET_NAME)";
			};
			name = Release;
		};
/* End XCBuildConfiguration section */

/* Begin XCConfigurationList section */
		C11F2777216832EF000E3EB9 /* Build configuration list for PBXProject "Homophonic Cipher" */ = {
			isa = XCConfigurationList;
			buildConfigurations = (
				C11F2781216832EF000E3EB9 /* Debug */,
				C11F2782216832EF000E3EB9 /* Release */,
			);
			defaultConfigurationIsVisible = 0;
			defaultConfigurationName = Release;
		};
		C11F2783216832EF000E3EB9 /* Build configuration list for PBXNativeTarget "Homophonic Cipher" */ = {
			isa = XCConfigurationList;
			buildConfigurations = (
				C11F2784216832EF000E3EB9 /* Debug */,
				C11F2785216832EF000E3EB9 /* Release */,
			);
			defaultConfigurationIsVisible = 0;
			defaultConfigurationName = Release;
		};
/* End XCConfigurationList section */
	};
	rootObject = C11F2774216832EF000E3EB9 /* Project object */;
}
